{
  "name": "mc-tool",
  "lockfileVersion": 3,
  "requires": true,
  "packages": {
    "": {
      "devDependencies": {
        "baseline-browser-mapping": "^2.9.13"
      }
    },
    "node_modules/baseline-browser-mapping": {
      "version": "2.9.13",
      "resolved": "https://registry.npmjs.org/baseline-browser-mapping/-/baseline-browser-mapping-2.9.13.tgz",
      "integrity": "sha512-WhtvB2NG2wjr04+h77sg3klAIwrgOqnjS49GGudnUPGFFgg7G17y7Qecqp+2Dr5kUDxNRBca0SK7cG8JwzkWDQ==",
      "dev": true,
      "bin": {
        "baseline-browser-mapping": "dist/cli.js"
      }
    }
  }
}
